github.com/elazarl/goproxy v0.0.0-20241218172127-ac55c7698e0d h1:r8DboPPvhhSMCWfmBEDoLuNvHetXH8/AZUdaRLNYgXE=
github.com/elazarl/goproxy v0.0.0-20241218172127-ac55c7698e0d/go.mod h1:3TKt+OFpElWuCtt5bphUyO97JT606j9Ffx4S2pfIcCo=
github.com/elazarl/goproxy/ext v0.0.0-20241217120900-7711dfa3811c h1:R+i10jtNSzKJKqEZAYJnR9M8y14k0zrNHqD1xkv/A2M=
github.com/elazarl/goproxy/ext v0.0.0-20241217120900-7711dfa3811c/go.mod h1:gNh8nYJoAm43RfaxurUnxr+N1PwuFV3ZMl/efxlIlY8=
golang.org/x/net v0.54.0 h1:2zJIZAxAHV/OHCDTCOHAYehQzLfSXuf/5SoL/Dv6w/w=
golang.org/x/net v0.54.0/go.mod h1:Sj4oj8jK6XmHpBZU/zWHw3BV3abl4Kvi+Ut7cQcY+cQ=
golang.org/x/text v0.37.0 h1:Cqjiwd9eSg8e0QAkyCaQTNHFIIzWtidPahFWR83rTrc=
golang.org/x/text v0.37.0/go.mod h1:a5sjxXGs9hsn/AJVwuElvCAo9v8QYLzvavO5z2PiM38=
